
Microsoft Visual Studio Solution File, Format Version 12.00
# Visual Studio 2013
VisualStudioVersion = 12.0.31101.0
MinimumVisualStudioVersion = 10.0.40219.1
Project("{8BC9CEB8-8B4A-11D0-8D11-00A0C91BC942}") = "Planner", "PlannerAndTasks\PlannerAndTasks.vcxproj", "{8F88D12E-2A1B-492E-A502-4442E5EDED11}"
EndProject
Project("{8BC9CEB8-8B4A-11D0-8D11-00A0C91BC942}") = "PlannerAndTask", "Planner\Planner.vcxproj", "{50CB6388-0C3D-4FDF-9BDF-DCEB42ACDB53}"
EndProject
Project("{8BC9CEB8-8B4A-11D0-8D11-00A0C91BC942}") = "Task", "Task\Task.vcxproj", "{1C3909AE-6675-4937-A944-D611EF8D8BCF}"
EndProject
Global
	GlobalSection(SolutionConfigurationPlatforms) = preSolution
		Debug|Win32 = Debug|Win32
		Release|Win32 = Release|Win32
	EndGlobalSection
	GlobalSection(ProjectConfigurationPlatforms) = postSolution
		{8F88D12E-2A1B-492E-A502-4442E5EDED11}.Debug|Win32.ActiveCfg = Debug|Win32
		{8F88D12E-2A1B-492E-A502-4442E5EDED11}.Debug|Win32.Build.0 = Debug|Win32
		{8F88D12E-2A1B-492E-A502-4442E5EDED11}.Release|Win32.ActiveCfg = Release|Win32
		{8F88D12E-2A1B-492E-A502-4442E5EDED11}.Release|Win32.Build.0 = Release|Win32
		{50CB6388-0C3D-4FDF-9BDF-DCEB42ACDB53}.Debug|Win32.ActiveCfg = Debug|Win32
		{50CB6388-0C3D-4FDF-9BDF-DCEB42ACDB53}.Debug|Win32.Build.0 = Debug|Win32
		{50CB6388-0C3D-4FDF-9BDF-DCEB42ACDB53}.Release|Win32.ActiveCfg = Release|Win32
		{50CB6388-0C3D-4FDF-9BDF-DCEB42ACDB53}.Release|Win32.Build.0 = Release|Win32
		{1C3909AE-6675-4937-A944-D611EF8D8BCF}.Debug|Win32.ActiveCfg = Debug|Win32
		{1C3909AE-6675-4937-A944-D611EF8D8BCF}.Debug|Win32.Build.0 = Debug|Win32
		{1C3909AE-6675-4937-A944-D611EF8D8BCF}.Release|Win32.ActiveCfg = Release|Win32
		{1C3909AE-6675-4937-A944-D611EF8D8BCF}.Release|Win32.Build.0 = Release|Win32
	EndGlobalSection
	GlobalSection(SolutionProperties) = preSolution
		HideSolutionNode = FALSE
	EndGlobalSection
EndGlobal
