
Microsoft Visual Studio Solution File, Format Version 12.00
# Visual Studio 2013
VisualStudioVersion = 12.0.31101.0
MinimumVisualStudioVersion = 10.0.40219.1
Project("{8BC9CEB8-8B4A-11D0-8D11-00A0C91BC942}") = "GUI-API", "GUI-API\GUI-API.vcxproj", "{0944C843-F708-42BB-A354-4CCBD5851ED4}"
EndProject
Project("{8BC9CEB8-8B4A-11D0-8D11-00A0C91BC942}") = "UI", "UI\UI.vcxproj", "{C7BAD31A-E719-4F5A-979F-10A11BE318E9}"
EndProject
Project("{8BC9CEB8-8B4A-11D0-8D11-00A0C91BC942}") = "Planner", "Planner\Planner.vcxproj", "{909AE648-141F-443D-BE69-AEB764261D8E}"
EndProject
Project("{8BC9CEB8-8B4A-11D0-8D11-00A0C91BC942}") = "Task", "Task\Task.vcxproj", "{55BCD928-FFA3-4F4C-900B-B0BAA807D4F3}"
EndProject
Project("{8BC9CEB8-8B4A-11D0-8D11-00A0C91BC942}") = "LogSystem", "LogSystem\LogSystem.vcxproj", "{82C9329F-C8D7-4C9B-931C-CBA46C26B750}"
EndProject
Project("{8BC9CEB8-8B4A-11D0-8D11-00A0C91BC942}") = "PlannerUnitTest", "PlannerUnitTest\PlannerUnitTest.vcxproj", "{3722227F-1EAA-42F4-9A92-D22A2E225E23}"
EndProject
Project("{8BC9CEB8-8B4A-11D0-8D11-00A0C91BC942}") = "Storage", "Storage\Storage.vcxproj", "{5BC0F512-D4F6-43C0-880A-0DB0AD1C3695}"
EndProject
Project("{8BC9CEB8-8B4A-11D0-8D11-00A0C91BC942}") = "TaskUnitTest", "TaskUnitTest\TaskUnitTest.vcxproj", "{765000E2-61E3-4043-867D-B15923A395EA}"
EndProject
Project("{8BC9CEB8-8B4A-11D0-8D11-00A0C91BC942}") = "StorageUnitTest", "StorageUnitTest\StorageUnitTest.vcxproj", "{A0E224F8-8CAA-4DFA-9ADC-82CECCC0F958}"
EndProject
Project("{F184B08F-C81C-45F6-A57F-5ABD9991F28F}") = "SystemTests", "SystemTests\SystemTests.vbproj", "{EBCB06C1-D391-4C17-9CB0-092820F19FDB}"
EndProject
Global
	GlobalSection(SolutionConfigurationPlatforms) = preSolution
		Debug|Any CPU = Debug|Any CPU
		Debug|Mixed Platforms = Debug|Mixed Platforms
		Debug|Win32 = Debug|Win32
		Release|Any CPU = Release|Any CPU
		Release|Mixed Platforms = Release|Mixed Platforms
		Release|Win32 = Release|Win32
	EndGlobalSection
	GlobalSection(ProjectConfigurationPlatforms) = postSolution
		{0944C843-F708-42BB-A354-4CCBD5851ED4}.Debug|Any CPU.ActiveCfg = Debug|Win32
		{0944C843-F708-42BB-A354-4CCBD5851ED4}.Debug|Mixed Platforms.ActiveCfg = Debug|Win32
		{0944C843-F708-42BB-A354-4CCBD5851ED4}.Debug|Mixed Platforms.Build.0 = Debug|Win32
		{0944C843-F708-42BB-A354-4CCBD5851ED4}.Debug|Win32.ActiveCfg = Debug|Win32
		{0944C843-F708-42BB-A354-4CCBD5851ED4}.Debug|Win32.Build.0 = Debug|Win32
		{0944C843-F708-42BB-A354-4CCBD5851ED4}.Release|Any CPU.ActiveCfg = Release|Win32
		{0944C843-F708-42BB-A354-4CCBD5851ED4}.Release|Mixed Platforms.ActiveCfg = Release|Win32
		{0944C843-F708-42BB-A354-4CCBD5851ED4}.Release|Mixed Platforms.Build.0 = Release|Win32
		{0944C843-F708-42BB-A354-4CCBD5851ED4}.Release|Win32.ActiveCfg = Release|Win32
		{0944C843-F708-42BB-A354-4CCBD5851ED4}.Release|Win32.Build.0 = Release|Win32
		{C7BAD31A-E719-4F5A-979F-10A11BE318E9}.Debug|Any CPU.ActiveCfg = Debug|Win32
		{C7BAD31A-E719-4F5A-979F-10A11BE318E9}.Debug|Mixed Platforms.ActiveCfg = Debug|Win32
		{C7BAD31A-E719-4F5A-979F-10A11BE318E9}.Debug|Mixed Platforms.Build.0 = Debug|Win32
		{C7BAD31A-E719-4F5A-979F-10A11BE318E9}.Debug|Win32.ActiveCfg = Debug|Win32
		{C7BAD31A-E719-4F5A-979F-10A11BE318E9}.Debug|Win32.Build.0 = Debug|Win32
		{C7BAD31A-E719-4F5A-979F-10A11BE318E9}.Release|Any CPU.ActiveCfg = Release|Win32
		{C7BAD31A-E719-4F5A-979F-10A11BE318E9}.Release|Mixed Platforms.ActiveCfg = Release|Win32
		{C7BAD31A-E719-4F5A-979F-10A11BE318E9}.Release|Mixed Platforms.Build.0 = Release|Win32
		{C7BAD31A-E719-4F5A-979F-10A11BE318E9}.Release|Win32.ActiveCfg = Release|Win32
		{C7BAD31A-E719-4F5A-979F-10A11BE318E9}.Release|Win32.Build.0 = Release|Win32
		{909AE648-141F-443D-BE69-AEB764261D8E}.Debug|Any CPU.ActiveCfg = Debug|Win32
		{909AE648-141F-443D-BE69-AEB764261D8E}.Debug|Mixed Platforms.ActiveCfg = Debug|Win32
		{909AE648-141F-443D-BE69-AEB764261D8E}.Debug|Mixed Platforms.Build.0 = Debug|Win32
		{909AE648-141F-443D-BE69-AEB764261D8E}.Debug|Win32.ActiveCfg = Debug|Win32
		{909AE648-141F-443D-BE69-AEB764261D8E}.Debug|Win32.Build.0 = Debug|Win32
		{909AE648-141F-443D-BE69-AEB764261D8E}.Release|Any CPU.ActiveCfg = Release|Win32
		{909AE648-141F-443D-BE69-AEB764261D8E}.Release|Mixed Platforms.ActiveCfg = Release|Win32
		{909AE648-141F-443D-BE69-AEB764261D8E}.Release|Mixed Platforms.Build.0 = Release|Win32
		{909AE648-141F-443D-BE69-AEB764261D8E}.Release|Win32.ActiveCfg = Release|Win32
		{909AE648-141F-443D-BE69-AEB764261D8E}.Release|Win32.Build.0 = Release|Win32
		{55BCD928-FFA3-4F4C-900B-B0BAA807D4F3}.Debug|Any CPU.ActiveCfg = Debug|Win32
		{55BCD928-FFA3-4F4C-900B-B0BAA807D4F3}.Debug|Mixed Platforms.ActiveCfg = Debug|Win32
		{55BCD928-FFA3-4F4C-900B-B0BAA807D4F3}.Debug|Mixed Platforms.Build.0 = Debug|Win32
		{55BCD928-FFA3-4F4C-900B-B0BAA807D4F3}.Debug|Win32.ActiveCfg = Debug|Win32
		{55BCD928-FFA3-4F4C-900B-B0BAA807D4F3}.Debug|Win32.Build.0 = Debug|Win32
		{55BCD928-FFA3-4F4C-900B-B0BAA807D4F3}.Release|Any CPU.ActiveCfg = Release|Win32
		{55BCD928-FFA3-4F4C-900B-B0BAA807D4F3}.Release|Mixed Platforms.ActiveCfg = Release|Win32
		{55BCD928-FFA3-4F4C-900B-B0BAA807D4F3}.Release|Mixed Platforms.Build.0 = Release|Win32
		{55BCD928-FFA3-4F4C-900B-B0BAA807D4F3}.Release|Win32.ActiveCfg = Release|Win32
		{55BCD928-FFA3-4F4C-900B-B0BAA807D4F3}.Release|Win32.Build.0 = Release|Win32
		{82C9329F-C8D7-4C9B-931C-CBA46C26B750}.Debug|Any CPU.ActiveCfg = Debug|Win32
		{82C9329F-C8D7-4C9B-931C-CBA46C26B750}.Debug|Mixed Platforms.ActiveCfg = Debug|Win32
		{82C9329F-C8D7-4C9B-931C-CBA46C26B750}.Debug|Mixed Platforms.Build.0 = Debug|Win32
		{82C9329F-C8D7-4C9B-931C-CBA46C26B750}.Debug|Win32.ActiveCfg = Debug|Win32
		{82C9329F-C8D7-4C9B-931C-CBA46C26B750}.Debug|Win32.Build.0 = Debug|Win32
		{82C9329F-C8D7-4C9B-931C-CBA46C26B750}.Release|Any CPU.ActiveCfg = Release|Win32
		{82C9329F-C8D7-4C9B-931C-CBA46C26B750}.Release|Mixed Platforms.ActiveCfg = Release|Win32
		{82C9329F-C8D7-4C9B-931C-CBA46C26B750}.Release|Mixed Platforms.Build.0 = Release|Win32
		{82C9329F-C8D7-4C9B-931C-CBA46C26B750}.Release|Win32.ActiveCfg = Release|Win32
		{82C9329F-C8D7-4C9B-931C-CBA46C26B750}.Release|Win32.Build.0 = Release|Win32
		{3722227F-1EAA-42F4-9A92-D22A2E225E23}.Debug|Any CPU.ActiveCfg = Debug|Win32
		{3722227F-1EAA-42F4-9A92-D22A2E225E23}.Debug|Mixed Platforms.ActiveCfg = Debug|Win32
		{3722227F-1EAA-42F4-9A92-D22A2E225E23}.Debug|Mixed Platforms.Build.0 = Debug|Win32
		{3722227F-1EAA-42F4-9A92-D22A2E225E23}.Debug|Win32.ActiveCfg = Debug|Win32
		{3722227F-1EAA-42F4-9A92-D22A2E225E23}.Debug|Win32.Build.0 = Debug|Win32
		{3722227F-1EAA-42F4-9A92-D22A2E225E23}.Release|Any CPU.ActiveCfg = Release|Win32
		{3722227F-1EAA-42F4-9A92-D22A2E225E23}.Release|Mixed Platforms.ActiveCfg = Release|Win32
		{3722227F-1EAA-42F4-9A92-D22A2E225E23}.Release|Mixed Platforms.Build.0 = Release|Win32
		{3722227F-1EAA-42F4-9A92-D22A2E225E23}.Release|Win32.ActiveCfg = Release|Win32
		{3722227F-1EAA-42F4-9A92-D22A2E225E23}.Release|Win32.Build.0 = Release|Win32
		{5BC0F512-D4F6-43C0-880A-0DB0AD1C3695}.Debug|Any CPU.ActiveCfg = Debug|Win32
		{5BC0F512-D4F6-43C0-880A-0DB0AD1C3695}.Debug|Mixed Platforms.ActiveCfg = Debug|Win32
		{5BC0F512-D4F6-43C0-880A-0DB0AD1C3695}.Debug|Mixed Platforms.Build.0 = Debug|Win32
		{5BC0F512-D4F6-43C0-880A-0DB0AD1C3695}.Debug|Win32.ActiveCfg = Debug|Win32
		{5BC0F512-D4F6-43C0-880A-0DB0AD1C3695}.Debug|Win32.Build.0 = Debug|Win32
		{5BC0F512-D4F6-43C0-880A-0DB0AD1C3695}.Release|Any CPU.ActiveCfg = Release|Win32
		{5BC0F512-D4F6-43C0-880A-0DB0AD1C3695}.Release|Mixed Platforms.ActiveCfg = Release|Win32
		{5BC0F512-D4F6-43C0-880A-0DB0AD1C3695}.Release|Mixed Platforms.Build.0 = Release|Win32
		{5BC0F512-D4F6-43C0-880A-0DB0AD1C3695}.Release|Win32.ActiveCfg = Release|Win32
		{5BC0F512-D4F6-43C0-880A-0DB0AD1C3695}.Release|Win32.Build.0 = Release|Win32
		{765000E2-61E3-4043-867D-B15923A395EA}.Debug|Any CPU.ActiveCfg = Debug|Win32
		{765000E2-61E3-4043-867D-B15923A395EA}.Debug|Mixed Platforms.ActiveCfg = Debug|Win32
		{765000E2-61E3-4043-867D-B15923A395EA}.Debug|Mixed Platforms.Build.0 = Debug|Win32
		{765000E2-61E3-4043-867D-B15923A395EA}.Debug|Win32.ActiveCfg = Debug|Win32
		{765000E2-61E3-4043-867D-B15923A395EA}.Debug|Win32.Build.0 = Debug|Win32
		{765000E2-61E3-4043-867D-B15923A395EA}.Release|Any CPU.ActiveCfg = Release|Win32
		{765000E2-61E3-4043-867D-B15923A395EA}.Release|Mixed Platforms.ActiveCfg = Release|Win32
		{765000E2-61E3-4043-867D-B15923A395EA}.Release|Mixed Platforms.Build.0 = Release|Win32
		{765000E2-61E3-4043-867D-B15923A395EA}.Release|Win32.ActiveCfg = Release|Win32
		{765000E2-61E3-4043-867D-B15923A395EA}.Release|Win32.Build.0 = Release|Win32
		{A0E224F8-8CAA-4DFA-9ADC-82CECCC0F958}.Debug|Any CPU.ActiveCfg = Debug|Win32
		{A0E224F8-8CAA-4DFA-9ADC-82CECCC0F958}.Debug|Mixed Platforms.ActiveCfg = Debug|Win32
		{A0E224F8-8CAA-4DFA-9ADC-82CECCC0F958}.Debug|Mixed Platforms.Build.0 = Debug|Win32
		{A0E224F8-8CAA-4DFA-9ADC-82CECCC0F958}.Debug|Win32.ActiveCfg = Debug|Win32
		{A0E224F8-8CAA-4DFA-9ADC-82CECCC0F958}.Debug|Win32.Build.0 = Debug|Win32
		{A0E224F8-8CAA-4DFA-9ADC-82CECCC0F958}.Release|Any CPU.ActiveCfg = Release|Win32
		{A0E224F8-8CAA-4DFA-9ADC-82CECCC0F958}.Release|Mixed Platforms.ActiveCfg = Release|Win32
		{A0E224F8-8CAA-4DFA-9ADC-82CECCC0F958}.Release|Mixed Platforms.Build.0 = Release|Win32
		{A0E224F8-8CAA-4DFA-9ADC-82CECCC0F958}.Release|Win32.ActiveCfg = Release|Win32
		{A0E224F8-8CAA-4DFA-9ADC-82CECCC0F958}.Release|Win32.Build.0 = Release|Win32
		{EBCB06C1-D391-4C17-9CB0-092820F19FDB}.Debug|Any CPU.ActiveCfg = Debug|Any CPU
		{EBCB06C1-D391-4C17-9CB0-092820F19FDB}.Debug|Any CPU.Build.0 = Debug|Any CPU
		{EBCB06C1-D391-4C17-9CB0-092820F19FDB}.Debug|Mixed Platforms.ActiveCfg = Debug|Any CPU
		{EBCB06C1-D391-4C17-9CB0-092820F19FDB}.Debug|Mixed Platforms.Build.0 = Debug|Any CPU
		{EBCB06C1-D391-4C17-9CB0-092820F19FDB}.Debug|Win32.ActiveCfg = Debug|Any CPU
		{EBCB06C1-D391-4C17-9CB0-092820F19FDB}.Release|Any CPU.ActiveCfg = Release|Any CPU
		{EBCB06C1-D391-4C17-9CB0-092820F19FDB}.Release|Any CPU.Build.0 = Release|Any CPU
		{EBCB06C1-D391-4C17-9CB0-092820F19FDB}.Release|Mixed Platforms.ActiveCfg = Release|Any CPU
		{EBCB06C1-D391-4C17-9CB0-092820F19FDB}.Release|Mixed Platforms.Build.0 = Release|Any CPU
		{EBCB06C1-D391-4C17-9CB0-092820F19FDB}.Release|Win32.ActiveCfg = Release|Any CPU
	EndGlobalSection
	GlobalSection(SolutionProperties) = preSolution
		HideSolutionNode = FALSE
	EndGlobalSection
EndGlobal
